
Microsoft Visual Studio Solution File, Format Version 11.00
# Visual Studio 2010
Project("{FAE04EC0-301F-11D3-BF4B-00C04F79EFBC}") = "JonathanRynd.IdleMinePlanner", "JonathanRynd.IdleMinePlanner\JonathanRynd.IdleMinePlanner.csproj", "{957C5A80-0920-4E1A-9BFA-17CBECE2FFA0}"
EndProject
Global
	GlobalSection(SolutionConfigurationPlatforms) = preSolution
		Debug|x86 = Debug|x86
		Release|x86 = Release|x86
	EndGlobalSection
	GlobalSection(ProjectConfigurationPlatforms) = postSolution
		{957C5A80-0920-4E1A-9BFA-17CBECE2FFA0}.Debug|x86.ActiveCfg = Debug|x86
		{957C5A80-0920-4E1A-9BFA-17CBECE2FFA0}.Debug|x86.Build.0 = Debug|x86
		{957C5A80-0920-4E1A-9BFA-17CBECE2FFA0}.Release|x86.ActiveCfg = Release|x86
		{957C5A80-0920-4E1A-9BFA-17CBECE2FFA0}.Release|x86.Build.0 = Release|x86
	EndGlobalSection
	GlobalSection(SolutionProperties) = preSolution
		HideSolutionNode = FALSE
	EndGlobalSection
EndGlobal
